
Microsoft Visual Studio Solution File, Format Version 12.00
# Visual Studio Version 16
VisualStudioVersion = 16.0.31424.327
MinimumVisualStudioVersion = 10.0.40219.1
Project("{FAE04EC0-301F-11D3-BF4B-00C04F79EFBC}") = "NamedClient", "HttpClientFactoryHeadConsole\NamedClient.csproj", "{50352110-3486-4BF1-9E39-8D68B8108B03}"
EndProject
Global
	GlobalSection(SolutionConfigurationPlatforms) = preSolution
		Debug|Any CPU = Debug|Any CPU
		Release|Any CPU = Release|Any CPU
	EndGlobalSection
	GlobalSection(ProjectConfigurationPlatforms) = postSolution
		{50352110-3486-4BF1-9E39-8D68B8108B03}.Debug|Any CPU.ActiveCfg = Debug|Any CPU
		{50352110-3486-4BF1-9E39-8D68B8108B03}.Debug|Any CPU.Build.0 = Debug|Any CPU
		{50352110-3486-4BF1-9E39-8D68B8108B03}.Release|Any CPU.ActiveCfg = Release|Any CPU
		{50352110-3486-4BF1-9E39-8D68B8108B03}.Release|Any CPU.Build.0 = Release|Any CPU
	EndGlobalSection
	GlobalSection(SolutionProperties) = preSolution
		HideSolutionNode = FALSE
	EndGlobalSection
	GlobalSection(ExtensibilityGlobals) = postSolution
		SolutionGuid = {C1E65757-50DB-4FB3-8AD0-70D8564CEF90}
	EndGlobalSection
EndGlobal
